// !$*UTF8*$!
{
	archiveVersion = 1;
	classes = {
	};
	objectVersion = 50;
	objects = {

/* Begin PBXBuildFile section */
		C7E4AD3524B6D11B008BDD7E /* AppDelegate.swift in Sources */ = {isa = PBXBuildFile; fileRef = C7E4AD3424B6D11B008BDD7E /* AppDelegate.swift */; };
		C7E4AD3724B6D11B008BDD7E /* SceneDelegate.swift in Sources */ = {isa = PBXBuildFile; fileRef = C7E4AD3624B6D11B008BDD7E /* SceneDelegate.swift */; };
		C7E4AD3924B6D11B008BDD7E /* ContentView.swift in Sources */ = {isa = PBXBuildFile; fileRef = C7E4AD3824B6D11B008BDD7E /* ContentView.swift */; };
		C7E4AD3B24B6D11E008BDD7E /* Assets.xcassets in Resources */ = {isa = PBXBuildFile; fileRef = C7E4AD3A24B6D11E008BDD7E /* Assets.xcassets */; };
		C7E4AD3E24B6D11E008BDD7E /* Preview Assets.xcassets in Resources */ = {isa = PBXBuildFile; fileRef = C7E4AD3D24B6D11E008BDD7E /* Preview Assets.xcassets */; };
		C7E4AD4124B6D11E008BDD7E /* LaunchScreen.storyboard in Resources */ = {isa = PBXBuildFile; fileRef = C7E4AD3F24B6D11E008BDD7E /* LaunchScreen.storyboard */; };
		C7E4AD4C24B6D11E008BDD7E /* radiobutton_groupTests.swift in Sources */ = {isa = PBXBuildFile; fileRef = C7E4AD4B24B6D11E008BDD7E /* radiobutton_groupTests.swift */; };
		C7E4AD5724B6D11E008BDD7E /* radiobutton_groupUITests.swift in Sources */ = {isa = PBXBuildFile; fileRef = C7E4AD5624B6D11E008BDD7E /* radiobutton_groupUITests.swift */; };
/* End PBXBuildFile section */

/* Begin PBXContainerItemProxy section */
		C7E4AD4824B6D11E008BDD7E /* PBXContainerItemProxy */ = {
			isa = PBXContainerItemProxy;
			containerPortal = C7E4AD2924B6D11B008BDD7E /* Project object */;
			proxyType = 1;
			remoteGlobalIDString = C7E4AD3024B6D11B008BDD7E;
			remoteInfo = "radiobutton group";
		};
		C7E4AD5324B6D11E008BDD7E /* PBXContainerItemProxy */ = {
			isa = PBXContainerItemProxy;
			containerPortal = C7E4AD2924B6D11B008BDD7E /* Project object */;
			proxyType = 1;
			remoteGlobalIDString = C7E4AD3024B6D11B008BDD7E;
			remoteInfo = "radiobutton group";
		};
/* End PBXContainerItemProxy section */

/* Begin PBXFileReference section */
		C7E4AD3124B6D11B008BDD7E /* radiobutton group.app */ = {isa = PBXFileReference; explicitFileType = wrapper.application; includeInIndex = 0; path = "radiobutton group.app"; sourceTree = BUILT_PRODUCTS_DIR; };
		C7E4AD3424B6D11B008BDD7E /* AppDelegate.swift */ = {isa = PBXFileReference; lastKnownFileType = sourcecode.swift; path = AppDelegate.swift; sourceTree = "<group>"; };
		C7E4AD3624B6D11B008BDD7E /* SceneDelegate.swift */ = {isa = PBXFileReference; lastKnownFileType = sourcecode.swift; path = SceneDelegate.swift; sourceTree = "<group>"; };
		C7E4AD3824B6D11B008BDD7E /* ContentView.swift */ = {isa = PBXFileReference; lastKnownFileType = sourcecode.swift; path = ContentView.swift; sourceTree = "<group>"; };
		C7E4AD3A24B6D11E008BDD7E /* Assets.xcassets */ = {isa = PBXFileReference; lastKnownFileType = folder.assetcatalog; path = Assets.xcassets; sourceTree = "<group>"; };
		C7E4AD3D24B6D11E008BDD7E /* Preview Assets.xcassets */ = {isa = PBXFileReference; lastKnownFileType = folder.assetcatalog; path = "Preview Assets.xcassets"; sourceTree = "<group>"; };
		C7E4AD4024B6D11E008BDD7E /* Base */ = {isa = PBXFileReference; lastKnownFileType = file.storyboard; name = Base; path = Base.lproj/LaunchScreen.storyboard; sourceTree = "<group>"; };
		C7E4AD4224B6D11E008BDD7E /* Info.plist */ = {isa = PBXFileReference; lastKnownFileType = text.plist.xml; path = Info.plist; sourceTree = "<group>"; };
		C7E4AD4724B6D11E008BDD7E /* radiobutton groupTests.xctest */ = {isa = PBXFileReference; explicitFileType = wrapper.cfbundle; includeInIndex = 0; path = "radiobutton groupTests.xctest"; sourceTree = BUILT_PRODUCTS_DIR; };
		C7E4AD4B24B6D11E008BDD7E /* radiobutton_groupTests.swift */ = {isa = PBXFileReference; lastKnownFileType = sourcecode.swift; path = radiobutton_groupTests.swift; sourceTree = "<group>"; };
		C7E4AD4D24B6D11E008BDD7E /* Info.plist */ = {isa = PBXFileReference; lastKnownFileType = text.plist.xml; path = Info.plist; sourceTree = "<group>"; };
		C7E4AD5224B6D11E008BDD7E /* radiobutton groupUITests.xctest */ = {isa = PBXFileReference; explicitFileType = wrapper.cfbundle; includeInIndex = 0; path = "radiobutton groupUITests.xctest"; sourceTree = BUILT_PRODUCTS_DIR; };
		C7E4AD5624B6D11E008BDD7E /* radiobutton_groupUITests.swift */ = {isa = PBXFileReference; lastKnownFileType = sourcecode.swift; path = radiobutton_groupUITests.swift; sourceTree = "<group>"; };
		C7E4AD5824B6D11E008BDD7E /* Info.plist */ = {isa = PBXFileReference; lastKnownFileType = text.plist.xml; path = Info.plist; sourceTree = "<group>"; };
/* End PBXFileReference section */

/* Begin PBXFrameworksBuildPhase section */
		C7E4AD2E24B6D11B008BDD7E /* Frameworks */ = {
			isa = PBXFrameworksBuildPhase;
			buildActionMask = 2147483647;
			files = (
			);
			runOnlyForDeploymentPostprocessing = 0;
		};
		C7E4AD4424B6D11E008BDD7E /* Frameworks */ = {
			isa = PBXFrameworksBuildPhase;
			buildActionMask = 2147483647;
			files = (
			);
			runOnlyForDeploymentPostprocessing = 0;
		};
		C7E4AD4F24B6D11E008BDD7E /* Frameworks */ = {
			isa = PBXFrameworksBuildPhase;
			buildActionMask = 2147483647;
			files = (
			);
			runOnlyForDeploymentPostprocessing = 0;
		};
/* End PBXFrameworksBuildPhase section */

/* Begin PBXGroup section */
		C7E4AD2824B6D11B008BDD7E = {
			isa = PBXGroup;
			children = (
				C7E4AD3324B6D11B008BDD7E /* radiobutton group */,
				C7E4AD4A24B6D11E008BDD7E /* radiobutton groupTests */,
				C7E4AD5524B6D11E008BDD7E /* radiobutton groupUITests */,
				C7E4AD3224B6D11B008BDD7E /* Products */,
			);
			sourceTree = "<group>";
		};
		C7E4AD3224B6D11B008BDD7E /* Products */ = {
			isa = PBXGroup;
			children = (
				C7E4AD3124B6D11B008BDD7E /* radiobutton group.app */,
				C7E4AD4724B6D11E008BDD7E /* radiobutton groupTests.xctest */,
				C7E4AD5224B6D11E008BDD7E /* radiobutton groupUITests.xctest */,
			);
			name = Products;
			sourceTree = "<group>";
		};
		C7E4AD3324B6D11B008BDD7E /* radiobutton group */ = {
			isa = PBXGroup;
			children = (
				C7E4AD3424B6D11B008BDD7E /* AppDelegate.swift */,
				C7E4AD3624B6D11B008BDD7E /* SceneDelegate.swift */,
				C7E4AD3824B6D11B008BDD7E /* ContentView.swift */,
				C7E4AD3A24B6D11E008BDD7E /* Assets.xcassets */,
				C7E4AD3F24B6D11E008BDD7E /* LaunchScreen.storyboard */,
				C7E4AD4224B6D11E008BDD7E /* Info.plist */,
				C7E4AD3C24B6D11E008BDD7E /* Preview Content */,
			);
			path = "radiobutton group";
			sourceTree = "<group>";
		};
		C7E4AD3C24B6D11E008BDD7E /* Preview Content */ = {
			isa = PBXGroup;
			children = (
				C7E4AD3D24B6D11E008BDD7E /* Preview Assets.xcassets */,
			);
			path = "Preview Content";
			sourceTree = "<group>";
		};
		C7E4AD4A24B6D11E008BDD7E /* radiobutton groupTests */ = {
			isa = PBXGroup;
			children = (
				C7E4AD4B24B6D11E008BDD7E /* radiobutton_groupTests.swift */,
				C7E4AD4D24B6D11E008BDD7E /* Info.plist */,
			);
			path = "radiobutton groupTests";
			sourceTree = "<group>";
		};
		C7E4AD5524B6D11E008BDD7E /* radiobutton groupUITests */ = {
			isa = PBXGroup;
			children = (
				C7E4AD5624B6D11E008BDD7E /* radiobutton_groupUITests.swift */,
				C7E4AD5824B6D11E008BDD7E /* Info.plist */,
			);
			path = "radiobutton groupUITests";
			sourceTree = "<group>";
		};
/* End PBXGroup section */

/* Begin PBXNativeTarget section */
		C7E4AD3024B6D11B008BDD7E /* radiobutton group */ = {
			isa = PBXNativeTarget;
			buildConfigurationList = C7E4AD5B24B6D11E008BDD7E /* Build configuration list for PBXNativeTarget "radiobutton group" */;
			buildPhases = (
				C7E4AD2D24B6D11B008BDD7E /* Sources */,
				C7E4AD2E24B6D11B008BDD7E /* Frameworks */,
				C7E4AD2F24B6D11B008BDD7E /* Resources */,
			);
			buildRules = (
			);
			dependencies = (
			);
			name = "radiobutton group";
			productName = "radiobutton group";
			productReference = C7E4AD3124B6D11B008BDD7E /* radiobutton group.app */;
			productType = "com.apple.product-type.application";
		};
		C7E4AD4624B6D11E008BDD7E /* radiobutton groupTests */ = {
			isa = PBXNativeTarget;
			buildConfigurationList = C7E4AD5E24B6D11E008BDD7E /* Build configuration list for PBXNativeTarget "radiobutton groupTests" */;
			buildPhases = (
				C7E4AD4324B6D11E008BDD7E /* Sources */,
				C7E4AD4424B6D11E008BDD7E /* Frameworks */,
				C7E4AD4524B6D11E008BDD7E /* Resources */,
			);
			buildRules = (
			);
			dependencies = (
				C7E4AD4924B6D11E008BDD7E /* PBXTargetDependency */,
			);
			name = "radiobutton groupTests";
			productName = "radiobutton groupTests";
			productReference = C7E4AD4724B6D11E008BDD7E /* radiobutton groupTests.xctest */;
			productType = "com.apple.product-type.bundle.unit-test";
		};
		C7E4AD5124B6D11E008BDD7E /* radiobutton groupUITests */ = {
			isa = PBXNativeTarget;
			buildConfigurationList = C7E4AD6124B6D11E008BDD7E /* Build configuration list for PBXNativeTarget "radiobutton groupUITests" */;
			buildPhases = (
				C7E4AD4E24B6D11E008BDD7E /* Sources */,
				C7E4AD4F24B6D11E008BDD7E /* Frameworks */,
				C7E4AD5024B6D11E008BDD7E /* Resources */,
			);
			buildRules = (
			);
			dependencies = (
				C7E4AD5424B6D11E008BDD7E /* PBXTargetDependency */,
			);
			name = "radiobutton groupUITests";
			productName = "radiobutton groupUITests";
			productReference = C7E4AD5224B6D11E008BDD7E /* radiobutton groupUITests.xctest */;
			productType = "com.apple.product-type.bundle.ui-testing";
		};
/* End PBXNativeTarget section */

/* Begin PBXProject section */
		C7E4AD2924B6D11B008BDD7E /* Project object */ = {
			isa = PBXProject;
			attributes = {
				LastSwiftUpdateCheck = 1120;
				LastUpgradeCheck = 1120;
				ORGANIZATIONNAME = gntech;
				TargetAttributes = {
					C7E4AD3024B6D11B008BDD7E = {
						CreatedOnToolsVersion = 11.2.1;
					};
					C7E4AD4624B6D11E008BDD7E = {
						CreatedOnToolsVersion = 11.2.1;
						TestTargetID = C7E4AD3024B6D11B008BDD7E;
					};
					C7E4AD5124B6D11E008BDD7E = {
						CreatedOnToolsVersion = 11.2.1;
						TestTargetID = C7E4AD3024B6D11B008BDD7E;
					};
				};
			};
			buildConfigurationList = C7E4AD2C24B6D11B008BDD7E /* Build configuration list for PBXProject "radiobutton group" */;
			compatibilityVersion = "Xcode 9.3";
			developmentRegion = en;
			hasScannedForEncodings = 0;
			knownRegions = (
				en,
				Base,
			);
			mainGroup = C7E4AD2824B6D11B008BDD7E;
			productRefGroup = C7E4AD3224B6D11B008BDD7E /* Products */;
			projectDirPath = "";
			projectRoot = "";
			targets = (
				C7E4AD3024B6D11B008BDD7E /* radiobutton group */,
				C7E4AD4624B6D11E008BDD7E /* radiobutton groupTests */,
				C7E4AD5124B6D11E008BDD7E /* radiobutton groupUITests */,
			);
		};
/* End PBXProject section */

/* Begin PBXResourcesBuildPhase section */
		C7E4AD2F24B6D11B008BDD7E /* Resources */ = {
			isa = PBXResourcesBuildPhase;
			buildActionMask = 2147483647;
			files = (
				C7E4AD4124B6D11E008BDD7E /* LaunchScreen.storyboard in Resources */,
				C7E4AD3E24B6D11E008BDD7E /* Preview Assets.xcassets in Resources */,
				C7E4AD3B24B6D11E008BDD7E /* Assets.xcassets in Resources */,
			);
			runOnlyForDeploymentPostprocessing = 0;
		};
		C7E4AD4524B6D11E008BDD7E /* Resources */ = {
			isa = PBXResourcesBuildPhase;
			buildActionMask = 2147483647;
			files = (
			);
			runOnlyForDeploymentPostprocessing = 0;
		};
		C7E4AD5024B6D11E008BDD7E /* Resources */ = {
			isa = PBXResourcesBuildPhase;
			buildActionMask = 2147483647;
			files = (
			);
			runOnlyForDeploymentPostprocessing = 0;
		};
/* End PBXResourcesBuildPhase section */

/* Begin PBXSourcesBuildPhase section */
		C7E4AD2D24B6D11B008BDD7E /* Sources */ = {
			isa = PBXSourcesBuildPhase;
			buildActionMask = 2147483647;
			files = (
				C7E4AD3524B6D11B008BDD7E /* AppDelegate.swift in Sources */,
				C7E4AD3724B6D11B008BDD7E /* SceneDelegate.swift in Sources */,
				C7E4AD3924B6D11B008BDD7E /* ContentView.swift in Sources */,
			);
			runOnlyForDeploymentPostprocessing = 0;
		};
		C7E4AD4324B6D11E008BDD7E /* Sources */ = {
			isa = PBXSourcesBuildPhase;
			buildActionMask = 2147483647;
			files = (
				C7E4AD4C24B6D11E008BDD7E /* radiobutton_groupTests.swift in Sources */,
			);
			runOnlyForDeploymentPostprocessing = 0;
		};
		C7E4AD4E24B6D11E008BDD7E /* Sources */ = {
			isa = PBXSourcesBuildPhase;
			buildActionMask = 2147483647;
			files = (
				C7E4AD5724B6D11E008BDD7E /* radiobutton_groupUITests.swift in Sources */,
			);
			runOnlyForDeploymentPostprocessing = 0;
		};
/* End PBXSourcesBuildPhase section */

/* Begin PBXTargetDependency section */
		C7E4AD4924B6D11E008BDD7E /* PBXTargetDependency */ = {
			isa = PBXTargetDependency;
			target = C7E4AD3024B6D11B008BDD7E /* radiobutton group */;
			targetProxy = C7E4AD4824B6D11E008BDD7E /* PBXContainerItemProxy */;
		};
		C7E4AD5424B6D11E008BDD7E /* PBXTargetDependency */ = {
			isa = PBXTargetDependency;
			target = C7E4AD3024B6D11B008BDD7E /* radiobutton group */;
			targetProxy = C7E4AD5324B6D11E008BDD7E /* PBXContainerItemProxy */;
		};
/* End PBXTargetDependency section */

/* Begin PBXVariantGroup section */
		C7E4AD3F24B6D11E008BDD7E /* LaunchScreen.storyboard */ = {
			isa = PBXVariantGroup;
			children = (
				C7E4AD4024B6D11E008BDD7E /* Base */,
			);
			name = LaunchScreen.storyboard;
			sourceTree = "<group>";
		};
/* End PBXVariantGroup section */

/* Begin XCBuildConfiguration section */
		C7E4AD5924B6D11E008BDD7E /* Debug */ = {
			isa = XCBuildConfiguration;
			buildSettings = {
				ALWAYS_SEARCH_USER_PATHS = NO;
				CLANG_ANALYZER_NONNULL = YES;
				CLANG_ANALYZER_NUMBER_OBJECT_CONVERSION = YES_AGGRESSIVE;
				CLANG_CXX_LANGUAGE_STANDARD = "gnu++14";
				CLANG_CXX_LIBRARY = "libc++";
				CLANG_ENABLE_MODULES = YES;
				CLANG_ENABLE_OBJC_ARC = YES;
				CLANG_ENABLE_OBJC_WEAK = YES;
				CLANG_WARN_BLOCK_CAPTURE_AUTORELEASING = YES;
				CLANG_WARN_BOOL_CONVERSION = YES;
				CLANG_WARN_COMMA = YES;
				CLANG_WARN_CONSTANT_CONVERSION = YES;
				CLANG_WARN_DEPRECATED_OBJC_IMPLEMENTATIONS = YES;
				CLANG_WARN_DIRECT_OBJC_ISA_USAGE = YES_ERROR;
				CLANG_WARN_DOCUMENTATION_COMMENTS = YES;
				CLANG_WARN_EMPTY_BODY = YES;
				CLANG_WARN_ENUM_CONVERSION = YES;
				CLANG_WARN_INFINITE_RECURSION = YES;
				CLANG_WARN_INT_CONVERSION = YES;
				CLANG_WARN_NON_LITERAL_NULL_CONVERSION = YES;
				CLANG_WARN_OBJC_IMPLICIT_RETAIN_SELF = YES;
				CLANG_WARN_OBJC_LITERAL_CONVERSION = YES;
				CLANG_WARN_OBJC_ROOT_CLASS = YES_ERROR;
				CLANG_WARN_RANGE_LOOP_ANALYSIS = YES;
				CLANG_WARN_STRICT_PROTOTYPES = YES;
				CLANG_WARN_SUSPICIOUS_MOVE = YES;
				CLANG_WARN_UNGUARDED_AVAILABILITY = YES_AGGRESSIVE;
				CLANG_WARN_UNREACHABLE_CODE = YES;
				CLANG_WARN__DUPLICATE_METHOD_MATCH = YES;
				COPY_PHASE_STRIP = NO;
				DEBUG_INFORMATION_FORMAT = dwarf;
				ENABLE_STRICT_OBJC_MSGSEND = YES;
				ENABLE_TESTABILITY = YES;
				GCC_C_LANGUAGE_STANDARD = gnu11;
				GCC_DYNAMIC_NO_PIC = NO;
				GCC_NO_COMMON_BLOCKS = YES;
				GCC_OPTIMIZATION_LEVEL = 0;
				GCC_PREPROCESSOR_DEFINITIONS = (
					"DEBUG=1",
					"$(inherited)",
				);
				GCC_WARN_64_TO_32_BIT_CONVERSION = YES;
				GCC_WARN_ABOUT_RETURN_TYPE = YES_ERROR;
				GCC_WARN_UNDECLARED_SELECTOR = YES;
				GCC_WARN_UNINITIALIZED_AUTOS = YES_AGGRESSIVE;
				GCC_WARN_UNUSED_FUNCTION = YES;
				GCC_WARN_UNUSED_VARIABLE = YES;
				IPHONEOS_DEPLOYMENT_TARGET = 13.2;
				MTL_ENABLE_DEBUG_INFO = INCLUDE_SOURCE;
				MTL_FAST_MATH = YES;
				ONLY_ACTIVE_ARCH = YES;
				SDKROOT = iphoneos;
				SWIFT_ACTIVE_COMPILATION_CONDITIONS = DEBUG;
				SWIFT_OPTIMIZATION_LEVEL = "-Onone";
			};
			name = Debug;
		};
		C7E4AD5A24B6D11E008BDD7E /* Release */ = {
			isa = XCBuildConfiguration;
			buildSettings = {
				ALWAYS_SEARCH_USER_PATHS = NO;
				CLANG_ANALYZER_NONNULL = YES;
				CLANG_ANALYZER_NUMBER_OBJECT_CONVERSION = YES_AGGRESSIVE;
				CLANG_CXX_LANGUAGE_STANDARD = "gnu++14";
				CLANG_CXX_LIBRARY = "libc++";
				CLANG_ENABLE_MODULES = YES;
				CLANG_ENABLE_OBJC_ARC = YES;
				CLANG_ENABLE_OBJC_WEAK = YES;
				CLANG_WARN_BLOCK_CAPTURE_AUTORELEASING = YES;
				CLANG_WARN_BOOL_CONVERSION = YES;
				CLANG_WARN_COMMA = YES;
				CLANG_WARN_CONSTANT_CONVERSION = YES;
				CLANG_WARN_DEPRECATED_OBJC_IMPLEMENTATIONS = YES;
				CLANG_WARN_DIRECT_OBJC_ISA_USAGE = YES_ERROR;
				CLANG_WARN_DOCUMENTATION_COMMENTS = YES;
				CLANG_WARN_EMPTY_BODY = YES;
				CLANG_WARN_ENUM_CONVERSION = YES;
				CLANG_WARN_INFINITE_RECURSION = YES;
				CLANG_WARN_INT_CONVERSION = YES;
				CLANG_WARN_NON_LITERAL_NULL_CONVERSION = YES;
				CLANG_WARN_OBJC_IMPLICIT_RETAIN_SELF = YES;
				CLANG_WARN_OBJC_LITERAL_CONVERSION = YES;
				CLANG_WARN_OBJC_ROOT_CLASS = YES_ERROR;
				CLANG_WARN_RANGE_LOOP_ANALYSIS = YES;
				CLANG_WARN_STRICT_PROTOTYPES = YES;
				CLANG_WARN_SUSPICIOUS_MOVE = YES;
				CLANG_WARN_UNGUARDED_AVAILABILITY = YES_AGGRESSIVE;
				CLANG_WARN_UNREACHABLE_CODE = YES;
				CLANG_WARN__DUPLICATE_METHOD_MATCH = YES;
				COPY_PHASE_STRIP = NO;
				DEBUG_INFORMATION_FORMAT = "dwarf-with-dsym";
				ENABLE_NS_ASSERTIONS = NO;
				ENABLE_STRICT_OBJC_MSGSEND = YES;
				GCC_C_LANGUAGE_STANDARD = gnu11;
				GCC_NO_COMMON_BLOCKS = YES;
				GCC_WARN_64_TO_32_BIT_CONVERSION = YES;
				GCC_WARN_ABOUT_RETURN_TYPE = YES_ERROR;
				GCC_WARN_UNDECLARED_SELECTOR = YES;
				GCC_WARN_UNINITIALIZED_AUTOS = YES_AGGRESSIVE;
				GCC_WARN_UNUSED_FUNCTION = YES;
				GCC_WARN_UNUSED_VARIABLE = YES;
				IPHONEOS_DEPLOYMENT_TARGET = 13.2;
				MTL_ENABLE_DEBUG_INFO = NO;
				MTL_FAST_MATH = YES;
				SDKROOT = iphoneos;
				SWIFT_COMPILATION_MODE = wholemodule;
				SWIFT_OPTIMIZATION_LEVEL = "-O";
				VALIDATE_PRODUCT = YES;
			};
			name = Release;
		};
		C7E4AD5C24B6D11E008BDD7E /* Debug */ = {
			isa = XCBuildConfiguration;
			buildSettings = {
				ASSETCATALOG_COMPILER_APPICON_NAME = AppIcon;
				CODE_SIGN_STYLE = Automatic;
				DEVELOPMENT_ASSET_PATHS = "\"radiobutton group/Preview Content\"";
				DEVELOPMENT_TEAM = W8PR3R9Y9B;
				ENABLE_PREVIEWS = YES;
				INFOPLIST_FILE = "radiobutton group/Info.plist";
				LD_RUNPATH_SEARCH_PATHS = (
					"$(inherited)",
					"@executable_path/Frameworks",
				);
				PRODUCT_BUNDLE_IDENTIFIER = "gntech.radiobutton-group";
				PRODUCT_NAME = "$(TARGET_NAME)";
				SWIFT_VERSION = 5.0;
				TARGETED_DEVICE_FAMILY = "1,2";
			};
			name = Debug;
		};
		C7E4AD5D24B6D11E008BDD7E /* Release */ = {
			isa = XCBuildConfiguration;
			buildSettings = {
				ASSETCATALOG_COMPILER_APPICON_NAME = AppIcon;
				CODE_SIGN_STYLE = Automatic;
				DEVELOPMENT_ASSET_PATHS = "\"radiobutton group/Preview Content\"";
				DEVELOPMENT_TEAM = W8PR3R9Y9B;
				ENABLE_PREVIEWS = YES;
				INFOPLIST_FILE = "radiobutton group/Info.plist";
				LD_RUNPATH_SEARCH_PATHS = (
					"$(inherited)",
					"@executable_path/Frameworks",
				);
				PRODUCT_BUNDLE_IDENTIFIER = "gntech.radiobutton-group";
				PRODUCT_NAME = "$(TARGET_NAME)";
				SWIFT_VERSION = 5.0;
				TARGETED_DEVICE_FAMILY = "1,2";
			};
			name = Release;
		};
		C7E4AD5F24B6D11E008BDD7E /* Debug */ = {
			isa = XCBuildConfiguration;
			buildSettings = {
				ALWAYS_EMBED_SWIFT_STANDARD_LIBRARIES = YES;
				BUNDLE_LOADER = "$(TEST_HOST)";
				CODE_SIGN_STYLE = Automatic;
				DEVELOPMENT_TEAM = W8PR3R9Y9B;
				INFOPLIST_FILE = "radiobutton groupTests/Info.plist";
				IPHONEOS_DEPLOYMENT_TARGET = 13.2;
				LD_RUNPATH_SEARCH_PATHS = (
					"$(inherited)",
					"@executable_path/Frameworks",
					"@loader_path/Frameworks",
				);
				PRODUCT_BUNDLE_IDENTIFIER = "gntech.radiobutton-groupTests";
				PRODUCT_NAME = "$(TARGET_NAME)";
				SWIFT_VERSION = 5.0;
				TARGETED_DEVICE_FAMILY = "1,2";
				TEST_HOST = "$(BUILT_PRODUCTS_DIR)/radiobutton group.app/radiobutton group";
			};
			name = Debug;
		};
		C7E4AD6024B6D11E008BDD7E /* Release */ = {
			isa = XCBuildConfiguration;
			buildSettings = {
				ALWAYS_EMBED_SWIFT_STANDARD_LIBRARIES = YES;
				BUNDLE_LOADER = "$(TEST_HOST)";
				CODE_SIGN_STYLE = Automatic;
				DEVELOPMENT_TEAM = W8PR3R9Y9B;
				INFOPLIST_FILE = "radiobutton groupTests/Info.plist";
				IPHONEOS_DEPLOYMENT_TARGET = 13.2;
				LD_RUNPATH_SEARCH_PATHS = (
					"$(inherited)",
					"@executable_path/Frameworks",
					"@loader_path/Frameworks",
				);
				PRODUCT_BUNDLE_IDENTIFIER = "gntech.radiobutton-groupTests";
				PRODUCT_NAME = "$(TARGET_NAME)";
				SWIFT_VERSION = 5.0;
				TARGETED_DEVICE_FAMILY = "1,2";
				TEST_HOST = "$(BUILT_PRODUCTS_DIR)/radiobutton group.app/radiobutton group";
			};
			name = Release;
		};
		C7E4AD6224B6D11E008BDD7E /* Debug */ = {
			isa = XCBuildConfiguration;
			buildSettings = {
				ALWAYS_EMBED_SWIFT_STANDARD_LIBRARIES = YES;
				CODE_SIGN_STYLE = Automatic;
				DEVELOPMENT_TEAM = W8PR3R9Y9B;
				INFOPLIST_FILE = "radiobutton groupUITests/Info.plist";
				LD_RUNPATH_SEARCH_PATHS = (
					"$(inherited)",
					"@executable_path/Frameworks",
					"@loader_path/Frameworks",
				);
				PRODUCT_BUNDLE_IDENTIFIER = "gntech.radiobutton-groupUITests";
				PRODUCT_NAME = "$(TARGET_NAME)";
				SWIFT_VERSION = 5.0;
				TARGETED_DEVICE_FAMILY = "1,2";
				TEST_TARGET_NAME = "radiobutton group";
			};
			name = Debug;
		};
		C7E4AD6324B6D11E008BDD7E /* Release */ = {
			isa = XCBuildConfiguration;
			buildSettings = {
				ALWAYS_EMBED_SWIFT_STANDARD_LIBRARIES = YES;
				CODE_SIGN_STYLE = Automatic;
				DEVELOPMENT_TEAM = W8PR3R9Y9B;
				INFOPLIST_FILE = "radiobutton groupUITests/Info.plist";
				LD_RUNPATH_SEARCH_PATHS = (
					"$(inherited)",
					"@executable_path/Frameworks",
					"@loader_path/Frameworks",
				);
				PRODUCT_BUNDLE_IDENTIFIER = "gntech.radiobutton-groupUITests";
				PRODUCT_NAME = "$(TARGET_NAME)";
				SWIFT_VERSION = 5.0;
				TARGETED_DEVICE_FAMILY = "1,2";
				TEST_TARGET_NAME = "radiobutton group";
			};
			name = Release;
		};
/* End XCBuildConfiguration section */

/* Begin XCConfigurationList section */
		C7E4AD2C24B6D11B008BDD7E /* Build configuration list for PBXProject "radiobutton group" */ = {
			isa = XCConfigurationList;
			buildConfigurations = (
				C7E4AD5924B6D11E008BDD7E /* Debug */,
				C7E4AD5A24B6D11E008BDD7E /* Release */,
			);
			defaultConfigurationIsVisible = 0;
			defaultConfigurationName = Release;
		};
		C7E4AD5B24B6D11E008BDD7E /* Build configuration list for PBXNativeTarget "radiobutton group" */ = {
			isa = XCConfigurationList;
			buildConfigurations = (
				C7E4AD5C24B6D11E008BDD7E /* Debug */,
				C7E4AD5D24B6D11E008BDD7E /* Release */,
			);
			defaultConfigurationIsVisible = 0;
			defaultConfigurationName = Release;
		};
		C7E4AD5E24B6D11E008BDD7E /* Build configuration list for PBXNativeTarget "radiobutton groupTests" */ = {
			isa = XCConfigurationList;
			buildConfigurations = (
				C7E4AD5F24B6D11E008BDD7E /* Debug */,
				C7E4AD6024B6D11E008BDD7E /* Release */,
			);
			defaultConfigurationIsVisible = 0;
			defaultConfigurationName = Release;
		};
		C7E4AD6124B6D11E008BDD7E /* Build configuration list for PBXNativeTarget "radiobutton groupUITests" */ = {
			isa = XCConfigurationList;
			buildConfigurations = (
				C7E4AD6224B6D11E008BDD7E /* Debug */,
				C7E4AD6324B6D11E008BDD7E /* Release */,
			);
			defaultConfigurationIsVisible = 0;
			defaultConfigurationName = Release;
		};
/* End XCConfigurationList section */
	};
	rootObject = C7E4AD2924B6D11B008BDD7E /* Project object */;
}
